
Microsoft Visual Studio Solution File, Format Version 12.00
# Visual Studio Version 16
VisualStudioVersion = 16.0.29911.84
MinimumVisualStudioVersion = 10.0.40219.1
Project("{8BC9CEB8-8B4A-11D0-8D11-00A0C91BC942}") = "Gear", "Gear\Gear.vcxproj", "{6BDE20C5-849F-4AA4-845C-678738495D91}"
EndProject
Project("{8BC9CEB8-8B4A-11D0-8D11-00A0C91BC942}") = "Sandbox", "Sandbox\Sandbox.vcxproj", "{7B1B15A6-63C6-457F-B7E6-CD0358E48B50}"
EndProject
Global
	GlobalSection(SolutionConfigurationPlatforms) = preSolution
		Debug|x64 = Debug|x64
		Release|x64 = Release|x64
	EndGlobalSection
	GlobalSection(ProjectConfigurationPlatforms) = postSolution
		{6BDE20C5-849F-4AA4-845C-678738495D91}.Debug|x64.ActiveCfg = Debug|x64
		{6BDE20C5-849F-4AA4-845C-678738495D91}.Debug|x64.Build.0 = Debug|x64
		{6BDE20C5-849F-4AA4-845C-678738495D91}.Release|x64.ActiveCfg = Release|x64
		{6BDE20C5-849F-4AA4-845C-678738495D91}.Release|x64.Build.0 = Release|x64
		{7B1B15A6-63C6-457F-B7E6-CD0358E48B50}.Debug|x64.ActiveCfg = Debug|x64
		{7B1B15A6-63C6-457F-B7E6-CD0358E48B50}.Debug|x64.Build.0 = Debug|x64
		{7B1B15A6-63C6-457F-B7E6-CD0358E48B50}.Release|x64.ActiveCfg = Release|x64
		{7B1B15A6-63C6-457F-B7E6-CD0358E48B50}.Release|x64.Build.0 = Release|x64
	EndGlobalSection
	GlobalSection(SolutionProperties) = preSolution
		HideSolutionNode = FALSE
	EndGlobalSection
	GlobalSection(ExtensibilityGlobals) = postSolution
		SolutionGuid = {089E269A-0B68-4B23-843E-72DABA8298D5}
	EndGlobalSection
EndGlobal
